
Microsoft Visual Studio Solution File, Format Version 12.00
# Visual Studio Version 16
VisualStudioVersion = 25.0.1705.0
MinimumVisualStudioVersion = 10.0.40219.1
Project("{FAE04EC0-301F-11D3-BF4B-00C04F79EFBC}") = "TpModul6_1302210008", "TpModul6_1302210008\TpModul6_1302210008.csproj", "{17E070AE-487A-47BB-86CC-2E3178C0E9C0}"
EndProject
Global
	GlobalSection(SolutionConfigurationPlatforms) = preSolution
		Debug|Any CPU = Debug|Any CPU
		Release|Any CPU = Release|Any CPU
	EndGlobalSection
	GlobalSection(ProjectConfigurationPlatforms) = postSolution
		{17E070AE-487A-47BB-86CC-2E3178C0E9C0}.Debug|Any CPU.ActiveCfg = Debug|Any CPU
		{17E070AE-487A-47BB-86CC-2E3178C0E9C0}.Debug|Any CPU.Build.0 = Debug|Any CPU
		{17E070AE-487A-47BB-86CC-2E3178C0E9C0}.Release|Any CPU.ActiveCfg = Release|Any CPU
		{17E070AE-487A-47BB-86CC-2E3178C0E9C0}.Release|Any CPU.Build.0 = Release|Any CPU
	EndGlobalSection
	GlobalSection(SolutionProperties) = preSolution
		HideSolutionNode = FALSE
	EndGlobalSection
	GlobalSection(ExtensibilityGlobals) = postSolution
		SolutionGuid = {392D408A-768B-4F90-A0B8-D619AD52A682}
	EndGlobalSection
EndGlobal
